
Microsoft Visual Studio Solution File, Format Version 12.00
# Visual Studio Version 17
VisualStudioVersion = 17.8.34309.116
MinimumVisualStudioVersion = 10.0.40219.1
Project("{8BC9CEB8-8B4A-11D0-8D11-00A0C91BC942}") = "Starlight", "Starlight.vcxproj", "{61EE6949-F6E4-482E-8C78-ACE71C02C339}"
EndProject
Global
	GlobalSection(SolutionConfigurationPlatforms) = preSolution
		Debug|x64 = Debug|x64
		Debug|x86 = Debug|x86
		Release|x64 = Release|x64
		Release|x86 = Release|x86
	EndGlobalSection
	GlobalSection(ProjectConfigurationPlatforms) = postSolution
		{61EE6949-F6E4-482E-8C78-ACE71C02C339}.Debug|x64.ActiveCfg = Debug|x64
		{61EE6949-F6E4-482E-8C78-ACE71C02C339}.Debug|x64.Build.0 = Debug|x64
		{61EE6949-F6E4-482E-8C78-ACE71C02C339}.Debug|x86.ActiveCfg = Debug|Win32
		{61EE6949-F6E4-482E-8C78-ACE71C02C339}.Debug|x86.Build.0 = Debug|Win32
		{61EE6949-F6E4-482E-8C78-ACE71C02C339}.Release|x64.ActiveCfg = Release|x64
		{61EE6949-F6E4-482E-8C78-ACE71C02C339}.Release|x64.Build.0 = Release|x64
		{61EE6949-F6E4-482E-8C78-ACE71C02C339}.Release|x86.ActiveCfg = Release|Win32
		{61EE6949-F6E4-482E-8C78-ACE71C02C339}.Release|x86.Build.0 = Release|Win32
	EndGlobalSection
	GlobalSection(SolutionProperties) = preSolution
		HideSolutionNode = FALSE
	EndGlobalSection
	GlobalSection(ExtensibilityGlobals) = postSolution
		SolutionGuid = {68F3EBF6-EE9F-438C-92A1-B627FB0019D5}
	EndGlobalSection
EndGlobal
