<?xml version="1.0" encoding="utf-8"?>
<Project ToolsVersion="4.0" xmlns="http://schemas.microsoft.com/developer/msbuild/2003">
  <ItemGroup>
    <ClInclude Include="src\lib\Math.h" />
    <ClInclude Include="src\lib\Memory.h" />
    <ClInclude Include="src\lib\Object.h" />
    <ClInclude Include="src\lib\Random.h" />
    <ClInclude Include="src\calc\Vector3d.h" />
    <ClInclude Include="src\lib\Array.h" />
    <ClInclude Include="src\lib\Exceptions.h" />
    <ClInclude Include="src\calc\SegmentIntersector.h" />
    <ClInclude Include="src\lib\List.h" />
    <ClInclude Include="src\core\Game.h" />
    <ClInclude Include="src\model\Ship.h" />
    <ClInclude Include="src\core\GameInitializer.h" />
    <ClInclude Include="src\model\Track.h" />
    <ClInclude Include="src\lib\HashCode.h" />
    <ClInclude Include="src\core\GameManager.h" />
    <ClInclude Include="src\core\GameUpdater.h" />
    <ClInclude Include="src\core\MoveLogic.h" />
    <ClInclude Include="src\core\Controller.h" />
    <ClInclude Include="src\core\VelocityCalculator.h" />
    <ClInclude Include="src\core\GameConstants.h" />
    <ClInclude Include="src\calc\Geometry.h" />
    <ClInclude Include="src\calc\Physics.h" />
    <ClInclude Include="src\calc\VectorCalculator.h" />
    <ClInclude Include="src\model\track\CircleTrack.h" />
    <ClInclude Include="src\lib\Numeric.h" />
    <ClInclude Include="src\core\TurnAngleCalculator.h" />
    <ClInclude Include="src\core\PositionCorrector.h" />
    <ClInclude Include="src\win\App.h" />
    <ClInclude Include="src\render\DebugTrackRenderer.h" />
    <ClInclude Include="src\render\DebugShipRenderer.h" />
    <ClInclude Include="src\render\DebugRenderLogic.h" />
    <ClInclude Include="src\core\GameCamera.h" />
    <ClInclude Include="external\gl\freeglut.h" />
    <ClInclude Include="external\gl\freeglut_ext.h" />
    <ClInclude Include="external\gl\freeglut_std.h" />
    <ClInclude Include="external\gl\freeglut_ucall.h" />
    <ClInclude Include="external\gl\glut.h" />
    <ClInclude Include="src\gl\opengl.h" />
    <ClInclude Include="src\core\BorderUpdater.h" />
    <ClInclude Include="src\model\RectBorder.h" />
    <ClInclude Include="src\calc\LineIntersector.h" />
    <ClInclude Include="src\core\CollisionProcessor.h" />
    <ClInclude Include="src\core\TrackCollisionDetector.h" />
    <ClInclude Include="src\render\ShipMesh.h" />
    <ClInclude Include="src\anx\TrackBuilder.h" />
    <ClInclude Include="src\model\track\RoadTrack1.h" />
    <ClInclude Include="src\model\ShipMeasure.h" />
    <ClInclude Include="src\calc\Quaternion.h" />
    <ClInclude Include="src\calc\Plane.h" />
    <ClInclude Include="src\core\TrackCollisionResult.h" />
    <ClInclude Include="src\model\track\LoopTrack.h" />
    <ClInclude Include="src\model\ShipCentralLine.h" />
    <ClInclude Include="src\model\VelocityFunction.h" />
    <ClInclude Include="src\core\PositionUpdater.h" />
    <ClInclude Include="src\core\LapCounter.h" />
    <ClInclude Include="src\model\track\WheelTrack.h" />
    <ClInclude Include="src\calc\Sphere.h" />
  </ItemGroup>
  <ItemGroup>
    <ClCompile Include="src\lib\Math.cpp" />
    <ClCompile Include="src\lib\Memory.cpp" />
    <ClCompile Include="src\lib\Object.cpp" />
    <ClCompile Include="src\lib\Random.cpp" />
    <ClCompile Include="src\calc\Vector3d.cpp" />
    <ClCompile Include="src\win\App.cpp" />
    <ClCompile Include="src\calc\SegmentIntersector.cpp" />
    <ClCompile Include="src\core\Game.cpp" />
    <ClCompile Include="src\model\Ship.cpp" />
    <ClCompile Include="src\core\GameInitializer.cpp" />
    <ClCompile Include="src\model\Track.cpp" />
    <ClCompile Include="src\lib\HashCode.cpp" />
    <ClCompile Include="src\core\GameManager.cpp" />
    <ClCompile Include="src\core\GameUpdater.cpp" />
    <ClCompile Include="src\core\MoveLogic.cpp" />
    <ClCompile Include="src\core\Controller.cpp" />
    <ClCompile Include="src\core\VelocityCalculator.cpp" />
    <ClCompile Include="src\calc\Geometry.cpp" />
    <ClCompile Include="src\calc\Physics.cpp" />
    <ClCompile Include="src\calc\VectorCalculator.cpp" />
    <ClCompile Include="src\model\track\CircleTrack.cpp" />
    <ClCompile Include="src\lib\Numeric.cpp" />
    <ClCompile Include="src\core\TurnAngleCalculator.cpp" />
    <ClCompile Include="src\core\PositionCorrector.cpp" />
    <ClCompile Include="src\win\main.cpp" />
    <ClCompile Include="src\render\DebugTrackRenderer.cpp" />
    <ClCompile Include="src\render\DebugShipRenderer.cpp" />
    <ClCompile Include="src\render\DebugRenderLogic.cpp" />
    <ClCompile Include="src\core\GameCamera.cpp" />
    <ClCompile Include="src\core\BorderUpdater.cpp" />
    <ClCompile Include="src\calc\LineIntersector.cpp" />
    <ClCompile Include="src\core\CollisionProcessor.cpp" />
    <ClCompile Include="src\core\TrackCollisionDetector.cpp" />
    <ClCompile Include="src\render\ShipMesh.cpp" />
    <ClCompile Include="src\gl\opengl.cpp" />
    <ClCompile Include="src\anx\TrackBuilder.cpp" />
    <ClCompile Include="src\model\track\RoadTrack1.cpp" />
    <ClCompile Include="src\model\RectBorder.cpp" />
    <ClCompile Include="src\calc\Quaternion.cpp" />
    <ClCompile Include="src\calc\Plane.cpp" />
    <ClCompile Include="src\core\TrackCollisionResult.cpp" />
    <ClCompile Include="src\model\track\LoopTrack.cpp" />
    <ClCompile Include="src\model\VelocityFunction.cpp" />
    <ClCompile Include="src\core\PositionUpdater.cpp" />
    <ClCompile Include="src\core\LapCounter.cpp" />
    <ClCompile Include="src\model\track\WheelTrack.cpp" />
    <ClCompile Include="src\calc\Sphere.cpp" />
  </ItemGroup>
</Project>